
Microsoft Visual Studio Solution File, Format Version 12.00
# TcXaeShell Solution File, Format Version 11.00
VisualStudioVersion = 17.10.35827.194
MinimumVisualStudioVersion = 10.0.40219.1
Project("{B1E792BE-AA5F-4E3C-8C82-674BF9C0715B}") = "FanucIntegration", "FanucIntegration.tsproj", "{E8B678F2-80E0-468E-87FA-D184EBC0A1DF}"
EndProject
Project("{FE7A1B72-C5B7-4D7C-BB7D-76384D4DE8E1}") = "FanucSimpleHMI", "..\FanucSimpleHMI\FanucSimpleHMI.hmiproj", "{B2BA3285-1323-47C2-8D1E-DB3ED81E5C56}"
EndProject
Project("{FE7A1B72-C5B7-4D7C-BB7D-76384D4DE8E1}") = "FanucHMIExample", "..\FanucHMIExample\FanucHMIExample.hmiproj", "{15FC0E7A-6B5A-446A-95A2-5FA8C57FCA1B}"
EndProject
Global
	GlobalSection(SolutionConfigurationPlatforms) = preSolution
		Debug|TwinCAT HMI = Debug|TwinCAT HMI
		Debug|TwinCAT OS (ARMV7-A) = Debug|TwinCAT OS (ARMV7-A)
		Debug|TwinCAT OS (ARMV7-M) = Debug|TwinCAT OS (ARMV7-M)
		Debug|TwinCAT OS (ARMV8-A) = Debug|TwinCAT OS (ARMV8-A)
		Debug|TwinCAT OS (x64) = Debug|TwinCAT OS (x64)
		Debug|TwinCAT OS (x64-E) = Debug|TwinCAT OS (x64-E)
		Debug|TwinCAT RT (x64) = Debug|TwinCAT RT (x64)
		Debug|TwinCAT RT (x86) = Debug|TwinCAT RT (x86)
		Release|TwinCAT HMI = Release|TwinCAT HMI
		Release|TwinCAT OS (ARMV7-A) = Release|TwinCAT OS (ARMV7-A)
		Release|TwinCAT OS (ARMV7-M) = Release|TwinCAT OS (ARMV7-M)
		Release|TwinCAT OS (ARMV8-A) = Release|TwinCAT OS (ARMV8-A)
		Release|TwinCAT OS (x64) = Release|TwinCAT OS (x64)
		Release|TwinCAT OS (x64-E) = Release|TwinCAT OS (x64-E)
		Release|TwinCAT RT (x64) = Release|TwinCAT RT (x64)
		Release|TwinCAT RT (x86) = Release|TwinCAT RT (x86)
	EndGlobalSection
	GlobalSection(ProjectConfigurationPlatforms) = postSolution
		{E8B678F2-80E0-468E-87FA-D184EBC0A1DF}.Debug|TwinCAT HMI.ActiveCfg = Debug|TwinCAT RT (x86)
		{E8B678F2-80E0-468E-87FA-D184EBC0A1DF}.Debug|TwinCAT HMI.Build.0 = Debug|TwinCAT RT (x86)
		{E8B678F2-80E0-468E-87FA-D184EBC0A1DF}.Debug|TwinCAT OS (ARMV7-A).ActiveCfg = Debug|TwinCAT OS (ARMV7-A)
		{E8B678F2-80E0-468E-87FA-D184EBC0A1DF}.Debug|TwinCAT OS (ARMV7-A).Build.0 = Debug|TwinCAT OS (ARMV7-A)
		{E8B678F2-80E0-468E-87FA-D184EBC0A1DF}.Debug|TwinCAT OS (ARMV7-M).ActiveCfg = Debug|TwinCAT OS (ARMV7-M)
		{E8B678F2-80E0-468E-87FA-D184EBC0A1DF}.Debug|TwinCAT OS (ARMV7-M).Build.0 = Debug|TwinCAT OS (ARMV7-M)
		{E8B678F2-80E0-468E-87FA-D184EBC0A1DF}.Debug|TwinCAT OS (ARMV8-A).ActiveCfg = Debug|TwinCAT OS (ARMV8-A)
		{E8B678F2-80E0-468E-87FA-D184EBC0A1DF}.Debug|TwinCAT OS (ARMV8-A).Build.0 = Debug|TwinCAT OS (ARMV8-A)
		{E8B678F2-80E0-468E-87FA-D184EBC0A1DF}.Debug|TwinCAT OS (x64).ActiveCfg = Debug|TwinCAT OS (x64)
		{E8B678F2-80E0-468E-87FA-D184EBC0A1DF}.Debug|TwinCAT OS (x64).Build.0 = Debug|TwinCAT OS (x64)
		{E8B678F2-80E0-468E-87FA-D184EBC0A1DF}.Debug|TwinCAT OS (x64-E).ActiveCfg = Debug|TwinCAT OS (x64-E)
		{E8B678F2-80E0-468E-87FA-D184EBC0A1DF}.Debug|TwinCAT OS (x64-E).Build.0 = Debug|TwinCAT OS (x64-E)
		{E8B678F2-80E0-468E-87FA-D184EBC0A1DF}.Debug|TwinCAT RT (x64).ActiveCfg = Debug|TwinCAT RT (x64)
		{E8B678F2-80E0-468E-87FA-D184EBC0A1DF}.Debug|TwinCAT RT (x64).Build.0 = Debug|TwinCAT RT (x64)
		{E8B678F2-80E0-468E-87FA-D184EBC0A1DF}.Debug|TwinCAT RT (x86).ActiveCfg = Debug|TwinCAT RT (x86)
		{E8B678F2-80E0-468E-87FA-D184EBC0A1DF}.Debug|TwinCAT RT (x86).Build.0 = Debug|TwinCAT RT (x86)
		{E8B678F2-80E0-468E-87FA-D184EBC0A1DF}.Release|TwinCAT HMI.ActiveCfg = Release|TwinCAT RT (x86)
		{E8B678F2-80E0-468E-87FA-D184EBC0A1DF}.Release|TwinCAT HMI.Build.0 = Release|TwinCAT RT (x86)
		{E8B678F2-80E0-468E-87FA-D184EBC0A1DF}.Release|TwinCAT OS (ARMV7-A).ActiveCfg = Release|TwinCAT OS (ARMV7-A)
		{E8B678F2-80E0-468E-87FA-D184EBC0A1DF}.Release|TwinCAT OS (ARMV7-A).Build.0 = Release|TwinCAT OS (ARMV7-A)
		{E8B678F2-80E0-468E-87FA-D184EBC0A1DF}.Release|TwinCAT OS (ARMV7-M).ActiveCfg = Release|TwinCAT OS (ARMV7-M)
		{E8B678F2-80E0-468E-87FA-D184EBC0A1DF}.Release|TwinCAT OS (ARMV7-M).Build.0 = Release|TwinCAT OS (ARMV7-M)
		{E8B678F2-80E0-468E-87FA-D184EBC0A1DF}.Release|TwinCAT OS (ARMV8-A).ActiveCfg = Release|TwinCAT OS (ARMV8-A)
		{E8B678F2-80E0-468E-87FA-D184EBC0A1DF}.Release|TwinCAT OS (ARMV8-A).Build.0 = Release|TwinCAT OS (ARMV8-A)
		{E8B678F2-80E0-468E-87FA-D184EBC0A1DF}.Release|TwinCAT OS (x64).ActiveCfg = Release|TwinCAT OS (x64)
		{E8B678F2-80E0-468E-87FA-D184EBC0A1DF}.Release|TwinCAT OS (x64).Build.0 = Release|TwinCAT OS (x64)
		{E8B678F2-80E0-468E-87FA-D184EBC0A1DF}.Release|TwinCAT OS (x64-E).ActiveCfg = Release|TwinCAT OS (x64-E)
		{E8B678F2-80E0-468E-87FA-D184EBC0A1DF}.Release|TwinCAT OS (x64-E).Build.0 = Release|TwinCAT OS (x64-E)
		{E8B678F2-80E0-468E-87FA-D184EBC0A1DF}.Release|TwinCAT RT (x64).ActiveCfg = Release|TwinCAT RT (x64)
		{E8B678F2-80E0-468E-87FA-D184EBC0A1DF}.Release|TwinCAT RT (x64).Build.0 = Release|TwinCAT RT (x64)
		{E8B678F2-80E0-468E-87FA-D184EBC0A1DF}.Release|TwinCAT RT (x86).ActiveCfg = Release|TwinCAT RT (x86)
		{E8B678F2-80E0-468E-87FA-D184EBC0A1DF}.Release|TwinCAT RT (x86).Build.0 = Release|TwinCAT RT (x86)
		{B2BA3285-1323-47C2-8D1E-DB3ED81E5C56}.Debug|TwinCAT HMI.ActiveCfg = Debug|TwinCAT HMI
		{B2BA3285-1323-47C2-8D1E-DB3ED81E5C56}.Debug|TwinCAT HMI.Build.0 = Debug|TwinCAT HMI
		{B2BA3285-1323-47C2-8D1E-DB3ED81E5C56}.Debug|TwinCAT OS (ARMV7-A).ActiveCfg = Debug|TwinCAT HMI
		{B2BA3285-1323-47C2-8D1E-DB3ED81E5C56}.Debug|TwinCAT OS (ARMV7-A).Build.0 = Debug|TwinCAT HMI
		{B2BA3285-1323-47C2-8D1E-DB3ED81E5C56}.Debug|TwinCAT OS (ARMV7-M).ActiveCfg = Debug|TwinCAT HMI
		{B2BA3285-1323-47C2-8D1E-DB3ED81E5C56}.Debug|TwinCAT OS (ARMV7-M).Build.0 = Debug|TwinCAT HMI
		{B2BA3285-1323-47C2-8D1E-DB3ED81E5C56}.Debug|TwinCAT OS (ARMV8-A).ActiveCfg = Debug|TwinCAT HMI
		{B2BA3285-1323-47C2-8D1E-DB3ED81E5C56}.Debug|TwinCAT OS (ARMV8-A).Build.0 = Debug|TwinCAT HMI
		{B2BA3285-1323-47C2-8D1E-DB3ED81E5C56}.Debug|TwinCAT OS (x64).ActiveCfg = Debug|TwinCAT HMI
		{B2BA3285-1323-47C2-8D1E-DB3ED81E5C56}.Debug|TwinCAT OS (x64).Build.0 = Debug|TwinCAT HMI
		{B2BA3285-1323-47C2-8D1E-DB3ED81E5C56}.Debug|TwinCAT OS (x64-E).ActiveCfg = Debug|TwinCAT HMI
		{B2BA3285-1323-47C2-8D1E-DB3ED81E5C56}.Debug|TwinCAT OS (x64-E).Build.0 = Debug|TwinCAT HMI
		{B2BA3285-1323-47C2-8D1E-DB3ED81E5C56}.Debug|TwinCAT RT (x64).ActiveCfg = Debug|TwinCAT HMI
		{B2BA3285-1323-47C2-8D1E-DB3ED81E5C56}.Debug|TwinCAT RT (x64).Build.0 = Debug|TwinCAT HMI
		{B2BA3285-1323-47C2-8D1E-DB3ED81E5C56}.Debug|TwinCAT RT (x86).ActiveCfg = Debug|TwinCAT HMI
		{B2BA3285-1323-47C2-8D1E-DB3ED81E5C56}.Debug|TwinCAT RT (x86).Build.0 = Debug|TwinCAT HMI
		{B2BA3285-1323-47C2-8D1E-DB3ED81E5C56}.Release|TwinCAT HMI.ActiveCfg = Release|TwinCAT HMI
		{B2BA3285-1323-47C2-8D1E-DB3ED81E5C56}.Release|TwinCAT HMI.Build.0 = Release|TwinCAT HMI
		{B2BA3285-1323-47C2-8D1E-DB3ED81E5C56}.Release|TwinCAT OS (ARMV7-A).ActiveCfg = Release|TwinCAT HMI
		{B2BA3285-1323-47C2-8D1E-DB3ED81E5C56}.Release|TwinCAT OS (ARMV7-A).Build.0 = Release|TwinCAT HMI
		{B2BA3285-1323-47C2-8D1E-DB3ED81E5C56}.Release|TwinCAT OS (ARMV7-M).ActiveCfg = Release|TwinCAT HMI
		{B2BA3285-1323-47C2-8D1E-DB3ED81E5C56}.Release|TwinCAT OS (ARMV7-M).Build.0 = Release|TwinCAT HMI
		{B2BA3285-1323-47C2-8D1E-DB3ED81E5C56}.Release|TwinCAT OS (ARMV8-A).ActiveCfg = Release|TwinCAT HMI
		{B2BA3285-1323-47C2-8D1E-DB3ED81E5C56}.Release|TwinCAT OS (ARMV8-A).Build.0 = Release|TwinCAT HMI
		{B2BA3285-1323-47C2-8D1E-DB3ED81E5C56}.Release|TwinCAT OS (x64).ActiveCfg = Release|TwinCAT HMI
		{B2BA3285-1323-47C2-8D1E-DB3ED81E5C56}.Release|TwinCAT OS (x64).Build.0 = Release|TwinCAT HMI
		{B2BA3285-1323-47C2-8D1E-DB3ED81E5C56}.Release|TwinCAT OS (x64-E).ActiveCfg = Release|TwinCAT HMI
		{B2BA3285-1323-47C2-8D1E-DB3ED81E5C56}.Release|TwinCAT OS (x64-E).Build.0 = Release|TwinCAT HMI
		{B2BA3285-1323-47C2-8D1E-DB3ED81E5C56}.Release|TwinCAT RT (x64).ActiveCfg = Release|TwinCAT HMI
		{B2BA3285-1323-47C2-8D1E-DB3ED81E5C56}.Release|TwinCAT RT (x64).Build.0 = Release|TwinCAT HMI
		{B2BA3285-1323-47C2-8D1E-DB3ED81E5C56}.Release|TwinCAT RT (x86).ActiveCfg = Release|TwinCAT HMI
		{B2BA3285-1323-47C2-8D1E-DB3ED81E5C56}.Release|TwinCAT RT (x86).Build.0 = Release|TwinCAT HMI
		{15FC0E7A-6B5A-446A-95A2-5FA8C57FCA1B}.Debug|TwinCAT HMI.ActiveCfg = Debug|TwinCAT HMI
		{15FC0E7A-6B5A-446A-95A2-5FA8C57FCA1B}.Debug|TwinCAT HMI.Build.0 = Debug|TwinCAT HMI
		{15FC0E7A-6B5A-446A-95A2-5FA8C57FCA1B}.Debug|TwinCAT OS (ARMV7-A).ActiveCfg = Debug|TwinCAT HMI
		{15FC0E7A-6B5A-446A-95A2-5FA8C57FCA1B}.Debug|TwinCAT OS (ARMV7-A).Build.0 = Debug|TwinCAT HMI
		{15FC0E7A-6B5A-446A-95A2-5FA8C57FCA1B}.Debug|TwinCAT OS (ARMV7-M).ActiveCfg = Debug|TwinCAT HMI
		{15FC0E7A-6B5A-446A-95A2-5FA8C57FCA1B}.Debug|TwinCAT OS (ARMV7-M).Build.0 = Debug|TwinCAT HMI
		{15FC0E7A-6B5A-446A-95A2-5FA8C57FCA1B}.Debug|TwinCAT OS (ARMV8-A).ActiveCfg = Debug|TwinCAT HMI
		{15FC0E7A-6B5A-446A-95A2-5FA8C57FCA1B}.Debug|TwinCAT OS (ARMV8-A).Build.0 = Debug|TwinCAT HMI
		{15FC0E7A-6B5A-446A-95A2-5FA8C57FCA1B}.Debug|TwinCAT OS (x64).ActiveCfg = Debug|TwinCAT HMI
		{15FC0E7A-6B5A-446A-95A2-5FA8C57FCA1B}.Debug|TwinCAT OS (x64).Build.0 = Debug|TwinCAT HMI
		{15FC0E7A-6B5A-446A-95A2-5FA8C57FCA1B}.Debug|TwinCAT OS (x64-E).ActiveCfg = Debug|TwinCAT HMI
		{15FC0E7A-6B5A-446A-95A2-5FA8C57FCA1B}.Debug|TwinCAT OS (x64-E).Build.0 = Debug|TwinCAT HMI
		{15FC0E7A-6B5A-446A-95A2-5FA8C57FCA1B}.Debug|TwinCAT RT (x64).ActiveCfg = Debug|TwinCAT HMI
		{15FC0E7A-6B5A-446A-95A2-5FA8C57FCA1B}.Debug|TwinCAT RT (x64).Build.0 = Debug|TwinCAT HMI
		{15FC0E7A-6B5A-446A-95A2-5FA8C57FCA1B}.Debug|TwinCAT RT (x86).ActiveCfg = Debug|TwinCAT HMI
		{15FC0E7A-6B5A-446A-95A2-5FA8C57FCA1B}.Debug|TwinCAT RT (x86).Build.0 = Debug|TwinCAT HMI
		{15FC0E7A-6B5A-446A-95A2-5FA8C57FCA1B}.Release|TwinCAT HMI.ActiveCfg = Release|TwinCAT HMI
		{15FC0E7A-6B5A-446A-95A2-5FA8C57FCA1B}.Release|TwinCAT HMI.Build.0 = Release|TwinCAT HMI
		{15FC0E7A-6B5A-446A-95A2-5FA8C57FCA1B}.Release|TwinCAT OS (ARMV7-A).ActiveCfg = Release|TwinCAT HMI
		{15FC0E7A-6B5A-446A-95A2-5FA8C57FCA1B}.Release|TwinCAT OS (ARMV7-A).Build.0 = Release|TwinCAT HMI
		{15FC0E7A-6B5A-446A-95A2-5FA8C57FCA1B}.Release|TwinCAT OS (ARMV7-M).ActiveCfg = Release|TwinCAT HMI
		{15FC0E7A-6B5A-446A-95A2-5FA8C57FCA1B}.Release|TwinCAT OS (ARMV7-M).Build.0 = Release|TwinCAT HMI
		{15FC0E7A-6B5A-446A-95A2-5FA8C57FCA1B}.Release|TwinCAT OS (ARMV8-A).ActiveCfg = Release|TwinCAT HMI
		{15FC0E7A-6B5A-446A-95A2-5FA8C57FCA1B}.Release|TwinCAT OS (ARMV8-A).Build.0 = Release|TwinCAT HMI
		{15FC0E7A-6B5A-446A-95A2-5FA8C57FCA1B}.Release|TwinCAT OS (x64).ActiveCfg = Release|TwinCAT HMI
		{15FC0E7A-6B5A-446A-95A2-5FA8C57FCA1B}.Release|TwinCAT OS (x64).Build.0 = Release|TwinCAT HMI
		{15FC0E7A-6B5A-446A-95A2-5FA8C57FCA1B}.Release|TwinCAT OS (x64-E).ActiveCfg = Release|TwinCAT HMI
		{15FC0E7A-6B5A-446A-95A2-5FA8C57FCA1B}.Release|TwinCAT OS (x64-E).Build.0 = Release|TwinCAT HMI
		{15FC0E7A-6B5A-446A-95A2-5FA8C57FCA1B}.Release|TwinCAT RT (x64).ActiveCfg = Release|TwinCAT HMI
		{15FC0E7A-6B5A-446A-95A2-5FA8C57FCA1B}.Release|TwinCAT RT (x64).Build.0 = Release|TwinCAT HMI
		{15FC0E7A-6B5A-446A-95A2-5FA8C57FCA1B}.Release|TwinCAT RT (x86).ActiveCfg = Release|TwinCAT HMI
		{15FC0E7A-6B5A-446A-95A2-5FA8C57FCA1B}.Release|TwinCAT RT (x86).Build.0 = Release|TwinCAT HMI
		{EE42964B-0D70-4A39-9C47-6882BD588108}.Debug|TwinCAT HMI.ActiveCfg = Debug|TwinCAT RT (x86)
		{EE42964B-0D70-4A39-9C47-6882BD588108}.Debug|TwinCAT HMI.Build.0 = Debug|TwinCAT RT (x86)
		{EE42964B-0D70-4A39-9C47-6882BD588108}.Debug|TwinCAT OS (ARMV7-A).ActiveCfg = Debug|TwinCAT OS (ARMV7-A)
		{EE42964B-0D70-4A39-9C47-6882BD588108}.Debug|TwinCAT OS (ARMV7-A).Build.0 = Debug|TwinCAT OS (ARMV7-A)
		{EE42964B-0D70-4A39-9C47-6882BD588108}.Debug|TwinCAT OS (ARMV7-M).ActiveCfg = Debug|TwinCAT OS (ARMV7-M)
		{EE42964B-0D70-4A39-9C47-6882BD588108}.Debug|TwinCAT OS (ARMV7-M).Build.0 = Debug|TwinCAT OS (ARMV7-M)
		{EE42964B-0D70-4A39-9C47-6882BD588108}.Debug|TwinCAT OS (ARMV8-A).ActiveCfg = Debug|TwinCAT OS (ARMV8-A)
		{EE42964B-0D70-4A39-9C47-6882BD588108}.Debug|TwinCAT OS (ARMV8-A).Build.0 = Debug|TwinCAT OS (ARMV8-A)
		{EE42964B-0D70-4A39-9C47-6882BD588108}.Debug|TwinCAT OS (x64).ActiveCfg = Debug|TwinCAT OS (x64)
		{EE42964B-0D70-4A39-9C47-6882BD588108}.Debug|TwinCAT OS (x64).Build.0 = Debug|TwinCAT OS (x64)
		{EE42964B-0D70-4A39-9C47-6882BD588108}.Debug|TwinCAT OS (x64-E).ActiveCfg = Debug|TwinCAT OS (x64-E)
		{EE42964B-0D70-4A39-9C47-6882BD588108}.Debug|TwinCAT OS (x64-E).Build.0 = Debug|TwinCAT OS (x64-E)
		{EE42964B-0D70-4A39-9C47-6882BD588108}.Debug|TwinCAT RT (x64).ActiveCfg = Debug|TwinCAT RT (x64)
		{EE42964B-0D70-4A39-9C47-6882BD588108}.Debug|TwinCAT RT (x64).Build.0 = Debug|TwinCAT RT (x64)
		{EE42964B-0D70-4A39-9C47-6882BD588108}.Debug|TwinCAT RT (x86).ActiveCfg = Debug|TwinCAT RT (x86)
		{EE42964B-0D70-4A39-9C47-6882BD588108}.Debug|TwinCAT RT (x86).Build.0 = Debug|TwinCAT RT (x86)
		{EE42964B-0D70-4A39-9C47-6882BD588108}.Release|TwinCAT HMI.ActiveCfg = Release|TwinCAT RT (x86)
		{EE42964B-0D70-4A39-9C47-6882BD588108}.Release|TwinCAT HMI.Build.0 = Release|TwinCAT RT (x86)
		{EE42964B-0D70-4A39-9C47-6882BD588108}.Release|TwinCAT OS (ARMV7-A).ActiveCfg = Release|TwinCAT OS (ARMV7-A)
		{EE42964B-0D70-4A39-9C47-6882BD588108}.Release|TwinCAT OS (ARMV7-A).Build.0 = Release|TwinCAT OS (ARMV7-A)
		{EE42964B-0D70-4A39-9C47-6882BD588108}.Release|TwinCAT OS (ARMV7-M).ActiveCfg = Release|TwinCAT OS (ARMV7-M)
		{EE42964B-0D70-4A39-9C47-6882BD588108}.Release|TwinCAT OS (ARMV7-M).Build.0 = Release|TwinCAT OS (ARMV7-M)
		{EE42964B-0D70-4A39-9C47-6882BD588108}.Release|TwinCAT OS (ARMV8-A).ActiveCfg = Release|TwinCAT OS (ARMV8-A)
		{EE42964B-0D70-4A39-9C47-6882BD588108}.Release|TwinCAT OS (ARMV8-A).Build.0 = Release|TwinCAT OS (ARMV8-A)
		{EE42964B-0D70-4A39-9C47-6882BD588108}.Release|TwinCAT OS (x64).ActiveCfg = Release|TwinCAT OS (x64)
		{EE42964B-0D70-4A39-9C47-6882BD588108}.Release|TwinCAT OS (x64).Build.0 = Release|TwinCAT OS (x64)
		{EE42964B-0D70-4A39-9C47-6882BD588108}.Release|TwinCAT OS (x64-E).ActiveCfg = Release|TwinCAT OS (x64-E)
		{EE42964B-0D70-4A39-9C47-6882BD588108}.Release|TwinCAT OS (x64-E).Build.0 = Release|TwinCAT OS (x64-E)
		{EE42964B-0D70-4A39-9C47-6882BD588108}.Release|TwinCAT RT (x64).ActiveCfg = Release|TwinCAT RT (x64)
		{EE42964B-0D70-4A39-9C47-6882BD588108}.Release|TwinCAT RT (x64).Build.0 = Release|TwinCAT RT (x64)
		{EE42964B-0D70-4A39-9C47-6882BD588108}.Release|TwinCAT RT (x86).ActiveCfg = Release|TwinCAT RT (x86)
		{EE42964B-0D70-4A39-9C47-6882BD588108}.Release|TwinCAT RT (x86).Build.0 = Release|TwinCAT RT (x86)
	EndGlobalSection
	GlobalSection(SolutionProperties) = preSolution
		HideSolutionNode = FALSE
	EndGlobalSection
	GlobalSection(ExtensibilityGlobals) = postSolution
		SolutionGuid = {183BE6B3-5C56-45F8-B2D4-B92E1A691EF2}
	EndGlobalSection
EndGlobal
